
Microsoft Visual Studio Solution File, Format Version 12.00
# Visual Studio 14
VisualStudioVersion = 14.0.25123.0
MinimumVisualStudioVersion = 10.0.40219.1
Project("{2150E333-8FDC-42A3-9474-1A3956D46DE8}") = "Test", "Test", "{47AF0C06-85FE-465B-A744-4259AF476C69}"
EndProject
Project("{2150E333-8FDC-42A3-9474-1A3956D46DE8}") = "app", "app", "{84718F2F-A4BA-453D-A793-BAA54CBF2E1E}"
EndProject
Project("{8BC9CEB8-8B4A-11D0-8D11-00A0C91BC942}") = "autotest", "autotest\AutoTest.vcxproj", "{7BA70EEB-C1FF-4172-B719-34C12AE5A289}"
EndProject
Project("{8BC9CEB8-8B4A-11D0-8D11-00A0C91BC942}") = "nui", "nui\nui.vcxproj", "{5196231A-50E6-4E92-AAEB-0C20725CD387}"
EndProject
Project("{8BC9CEB8-8B4A-11D0-8D11-00A0C91BC942}") = "uitest", "uitest\uitest.vcxproj", "{071561F9-1C23-4903-A107-E92E5C7C8113}"
EndProject
Project("{8BC9CEB8-8B4A-11D0-8D11-00A0C91BC942}") = "ImgViewer", "imgviewer\imgviewer.vcxproj", "{ACAEFAB6-99BD-43AF-A12F-1105A17822BB}"
EndProject
Project("{8BC9CEB8-8B4A-11D0-8D11-00A0C91BC942}") = "ImageEditor", "ImageEditor\ImageEditor.vcxproj", "{A5678558-C08C-4939-A790-25FD66E96168}"
EndProject
Project("{8BC9CEB8-8B4A-11D0-8D11-00A0C91BC942}") = "UIEditor", "UIEditor\UIEditor.vcxproj", "{48217E77-CC62-4089-BFFC-7B5A7B67F24D}"
EndProject
Project("{8BC9CEB8-8B4A-11D0-8D11-00A0C91BC942}") = "UIMocker", "UIMocker\UIMocker.vcxproj", "{E3E57877-F2A9-45C6-A306-49802213B8EC}"
EndProject
Project("{8BC9CEB8-8B4A-11D0-8D11-00A0C91BC942}") = "WeChat", "WeChat\WeChat.vcxproj", "{83BD7326-D2E5-43DE-9743-9B66A5C4D79C}"
EndProject
Project("{8BC9CEB8-8B4A-11D0-8D11-00A0C91BC942}") = "LotteryDraw", "LotteryDraw\LotteryDraw.vcxproj", "{AE19E886-64A1-4D69-98FF-28B8ACDA0DA9}"
EndProject
Global
	GlobalSection(SolutionConfigurationPlatforms) = preSolution
		Debug|Win32 = Debug|Win32
		Release|Win32 = Release|Win32
	EndGlobalSection
	GlobalSection(ProjectConfigurationPlatforms) = postSolution
		{7BA70EEB-C1FF-4172-B719-34C12AE5A289}.Debug|Win32.ActiveCfg = Debug|Win32
		{7BA70EEB-C1FF-4172-B719-34C12AE5A289}.Debug|Win32.Build.0 = Debug|Win32
		{7BA70EEB-C1FF-4172-B719-34C12AE5A289}.Release|Win32.ActiveCfg = Release|Win32
		{7BA70EEB-C1FF-4172-B719-34C12AE5A289}.Release|Win32.Build.0 = Release|Win32
		{5196231A-50E6-4E92-AAEB-0C20725CD387}.Debug|Win32.ActiveCfg = Debug|Win32
		{5196231A-50E6-4E92-AAEB-0C20725CD387}.Debug|Win32.Build.0 = Debug|Win32
		{5196231A-50E6-4E92-AAEB-0C20725CD387}.Release|Win32.ActiveCfg = Release|Win32
		{5196231A-50E6-4E92-AAEB-0C20725CD387}.Release|Win32.Build.0 = Release|Win32
		{071561F9-1C23-4903-A107-E92E5C7C8113}.Debug|Win32.ActiveCfg = Debug|Win32
		{071561F9-1C23-4903-A107-E92E5C7C8113}.Debug|Win32.Build.0 = Debug|Win32
		{071561F9-1C23-4903-A107-E92E5C7C8113}.Release|Win32.ActiveCfg = Release|Win32
		{071561F9-1C23-4903-A107-E92E5C7C8113}.Release|Win32.Build.0 = Release|Win32
		{ACAEFAB6-99BD-43AF-A12F-1105A17822BB}.Debug|Win32.ActiveCfg = Debug|Win32
		{ACAEFAB6-99BD-43AF-A12F-1105A17822BB}.Debug|Win32.Build.0 = Debug|Win32
		{ACAEFAB6-99BD-43AF-A12F-1105A17822BB}.Release|Win32.ActiveCfg = Release|Win32
		{ACAEFAB6-99BD-43AF-A12F-1105A17822BB}.Release|Win32.Build.0 = Release|Win32
		{A5678558-C08C-4939-A790-25FD66E96168}.Debug|Win32.ActiveCfg = Debug|Win32
		{A5678558-C08C-4939-A790-25FD66E96168}.Debug|Win32.Build.0 = Debug|Win32
		{A5678558-C08C-4939-A790-25FD66E96168}.Release|Win32.ActiveCfg = Release|Win32
		{A5678558-C08C-4939-A790-25FD66E96168}.Release|Win32.Build.0 = Release|Win32
		{48217E77-CC62-4089-BFFC-7B5A7B67F24D}.Debug|Win32.ActiveCfg = Debug|Win32
		{48217E77-CC62-4089-BFFC-7B5A7B67F24D}.Debug|Win32.Build.0 = Debug|Win32
		{48217E77-CC62-4089-BFFC-7B5A7B67F24D}.Release|Win32.ActiveCfg = Release|Win32
		{48217E77-CC62-4089-BFFC-7B5A7B67F24D}.Release|Win32.Build.0 = Release|Win32
		{E3E57877-F2A9-45C6-A306-49802213B8EC}.Debug|Win32.ActiveCfg = Debug|Win32
		{E3E57877-F2A9-45C6-A306-49802213B8EC}.Debug|Win32.Build.0 = Debug|Win32
		{E3E57877-F2A9-45C6-A306-49802213B8EC}.Release|Win32.ActiveCfg = Release|Win32
		{E3E57877-F2A9-45C6-A306-49802213B8EC}.Release|Win32.Build.0 = Release|Win32
		{83BD7326-D2E5-43DE-9743-9B66A5C4D79C}.Debug|Win32.ActiveCfg = Debug|Win32
		{83BD7326-D2E5-43DE-9743-9B66A5C4D79C}.Debug|Win32.Build.0 = Debug|Win32
		{83BD7326-D2E5-43DE-9743-9B66A5C4D79C}.Release|Win32.ActiveCfg = Release|Win32
		{83BD7326-D2E5-43DE-9743-9B66A5C4D79C}.Release|Win32.Build.0 = Release|Win32
		{AE19E886-64A1-4D69-98FF-28B8ACDA0DA9}.Debug|Win32.ActiveCfg = Debug|Win32
		{AE19E886-64A1-4D69-98FF-28B8ACDA0DA9}.Debug|Win32.Build.0 = Debug|Win32
		{AE19E886-64A1-4D69-98FF-28B8ACDA0DA9}.Release|Win32.ActiveCfg = Release|Win32
		{AE19E886-64A1-4D69-98FF-28B8ACDA0DA9}.Release|Win32.Build.0 = Release|Win32
	EndGlobalSection
	GlobalSection(SolutionProperties) = preSolution
		HideSolutionNode = FALSE
	EndGlobalSection
	GlobalSection(NestedProjects) = preSolution
		{7BA70EEB-C1FF-4172-B719-34C12AE5A289} = {47AF0C06-85FE-465B-A744-4259AF476C69}
		{071561F9-1C23-4903-A107-E92E5C7C8113} = {47AF0C06-85FE-465B-A744-4259AF476C69}
		{ACAEFAB6-99BD-43AF-A12F-1105A17822BB} = {84718F2F-A4BA-453D-A793-BAA54CBF2E1E}
		{A5678558-C08C-4939-A790-25FD66E96168} = {84718F2F-A4BA-453D-A793-BAA54CBF2E1E}
		{48217E77-CC62-4089-BFFC-7B5A7B67F24D} = {84718F2F-A4BA-453D-A793-BAA54CBF2E1E}
		{E3E57877-F2A9-45C6-A306-49802213B8EC} = {84718F2F-A4BA-453D-A793-BAA54CBF2E1E}
		{83BD7326-D2E5-43DE-9743-9B66A5C4D79C} = {84718F2F-A4BA-453D-A793-BAA54CBF2E1E}
		{AE19E886-64A1-4D69-98FF-28B8ACDA0DA9} = {84718F2F-A4BA-453D-A793-BAA54CBF2E1E}
	EndGlobalSection
EndGlobal
