
Microsoft Visual Studio Solution File, Format Version 10.00
# Visual Studio 2008
Project("{2150E333-8FDC-42A3-9474-1A3956D46DE8}") = "Test", "Test", "{47AF0C06-85FE-465B-A744-4259AF476C69}"
EndProject
Project("{8BC9CEB8-8B4A-11D0-8D11-00A0C91BC942}") = "autotest", "AutoTest\AutoTest.vcproj", "{7BA70EEB-C1FF-4172-B719-34C12AE5A289}"
	ProjectSection(ProjectDependencies) = postProject
		{5196231A-50E6-4E92-AAEB-0C20725CD387} = {5196231A-50E6-4E92-AAEB-0C20725CD387}
	EndProjectSection
EndProject
Project("{8BC9CEB8-8B4A-11D0-8D11-00A0C91BC942}") = "nui", "NUI\NUI.vcproj", "{5196231A-50E6-4E92-AAEB-0C20725CD387}"
EndProject
Project("{8BC9CEB8-8B4A-11D0-8D11-00A0C91BC942}") = "uitest", "uitest\uitest.vcproj", "{071561F9-1C23-4903-A107-E92E5C7C8113}"
	ProjectSection(ProjectDependencies) = postProject
		{5196231A-50E6-4E92-AAEB-0C20725CD387} = {5196231A-50E6-4E92-AAEB-0C20725CD387}
	EndProjectSection
EndProject
Project("{2150E333-8FDC-42A3-9474-1A3956D46DE8}") = "app", "app", "{84718F2F-A4BA-453D-A793-BAA54CBF2E1E}"
EndProject
Project("{8BC9CEB8-8B4A-11D0-8D11-00A0C91BC942}") = "imgviewer", "imgviewer\imgviewer.vcproj", "{ACAEFAB6-99BD-43AF-A12F-1105A17822BB}"
	ProjectSection(ProjectDependencies) = postProject
		{5196231A-50E6-4E92-AAEB-0C20725CD387} = {5196231A-50E6-4E92-AAEB-0C20725CD387}
	EndProjectSection
EndProject
Project("{8BC9CEB8-8B4A-11D0-8D11-00A0C91BC942}") = "ImageEditor", "ImageEditor\ImageEditor.vcproj", "{A5678558-C08C-4939-A790-25FD66E96168}"
	ProjectSection(ProjectDependencies) = postProject
		{5196231A-50E6-4E92-AAEB-0C20725CD387} = {5196231A-50E6-4E92-AAEB-0C20725CD387}
	EndProjectSection
EndProject
Global
	GlobalSection(SolutionConfigurationPlatforms) = preSolution
		Debug|Win32 = Debug|Win32
		Release|Win32 = Release|Win32
	EndGlobalSection
	GlobalSection(ProjectConfigurationPlatforms) = postSolution
		{7BA70EEB-C1FF-4172-B719-34C12AE5A289}.Debug|Win32.ActiveCfg = Debug|Win32
		{7BA70EEB-C1FF-4172-B719-34C12AE5A289}.Debug|Win32.Build.0 = Debug|Win32
		{7BA70EEB-C1FF-4172-B719-34C12AE5A289}.Release|Win32.ActiveCfg = Release|Win32
		{7BA70EEB-C1FF-4172-B719-34C12AE5A289}.Release|Win32.Build.0 = Release|Win32
		{5196231A-50E6-4E92-AAEB-0C20725CD387}.Debug|Win32.ActiveCfg = Debug|Win32
		{5196231A-50E6-4E92-AAEB-0C20725CD387}.Debug|Win32.Build.0 = Debug|Win32
		{5196231A-50E6-4E92-AAEB-0C20725CD387}.Release|Win32.ActiveCfg = Release|Win32
		{5196231A-50E6-4E92-AAEB-0C20725CD387}.Release|Win32.Build.0 = Release|Win32
		{071561F9-1C23-4903-A107-E92E5C7C8113}.Debug|Win32.ActiveCfg = Debug|Win32
		{071561F9-1C23-4903-A107-E92E5C7C8113}.Debug|Win32.Build.0 = Debug|Win32
		{071561F9-1C23-4903-A107-E92E5C7C8113}.Release|Win32.ActiveCfg = Release|Win32
		{071561F9-1C23-4903-A107-E92E5C7C8113}.Release|Win32.Build.0 = Release|Win32
		{ACAEFAB6-99BD-43AF-A12F-1105A17822BB}.Debug|Win32.ActiveCfg = Debug|Win32
		{ACAEFAB6-99BD-43AF-A12F-1105A17822BB}.Debug|Win32.Build.0 = Debug|Win32
		{ACAEFAB6-99BD-43AF-A12F-1105A17822BB}.Release|Win32.ActiveCfg = Release|Win32
		{ACAEFAB6-99BD-43AF-A12F-1105A17822BB}.Release|Win32.Build.0 = Release|Win32
		{A5678558-C08C-4939-A790-25FD66E96168}.Debug|Win32.ActiveCfg = Debug|Win32
		{A5678558-C08C-4939-A790-25FD66E96168}.Debug|Win32.Build.0 = Debug|Win32
		{A5678558-C08C-4939-A790-25FD66E96168}.Release|Win32.ActiveCfg = Release|Win32
		{A5678558-C08C-4939-A790-25FD66E96168}.Release|Win32.Build.0 = Release|Win32
	EndGlobalSection
	GlobalSection(SolutionProperties) = preSolution
		HideSolutionNode = FALSE
	EndGlobalSection
	GlobalSection(NestedProjects) = preSolution
		{7BA70EEB-C1FF-4172-B719-34C12AE5A289} = {47AF0C06-85FE-465B-A744-4259AF476C69}
		{071561F9-1C23-4903-A107-E92E5C7C8113} = {47AF0C06-85FE-465B-A744-4259AF476C69}
		{ACAEFAB6-99BD-43AF-A12F-1105A17822BB} = {84718F2F-A4BA-453D-A793-BAA54CBF2E1E}
		{A5678558-C08C-4939-A790-25FD66E96168} = {84718F2F-A4BA-453D-A793-BAA54CBF2E1E}
	EndGlobalSection
EndGlobal
